
Microsoft Visual Studio Solution File, Format Version 12.00
# Visual Studio 15
VisualStudioVersion = 15.0.27428.2027
MinimumVisualStudioVersion = 10.0.40219.1
Project("{FAE04EC0-301F-11D3-BF4B-00C04F79EFBC}") = "restWithAspNET", "restWithAspNET\restWithAspNET.csproj", "{368FFBAA-7201-4B32-8DAD-BCD9DA02D10A}"
EndProject
Global
	GlobalSection(SolutionConfigurationPlatforms) = preSolution
		Debug|Any CPU = Debug|Any CPU
		Release|Any CPU = Release|Any CPU
	EndGlobalSection
	GlobalSection(ProjectConfigurationPlatforms) = postSolution
		{368FFBAA-7201-4B32-8DAD-BCD9DA02D10A}.Debug|Any CPU.ActiveCfg = Debug|Any CPU
		{368FFBAA-7201-4B32-8DAD-BCD9DA02D10A}.Debug|Any CPU.Build.0 = Debug|Any CPU
		{368FFBAA-7201-4B32-8DAD-BCD9DA02D10A}.Release|Any CPU.ActiveCfg = Release|Any CPU
		{368FFBAA-7201-4B32-8DAD-BCD9DA02D10A}.Release|Any CPU.Build.0 = Release|Any CPU
	EndGlobalSection
	GlobalSection(SolutionProperties) = preSolution
		HideSolutionNode = FALSE
	EndGlobalSection
	GlobalSection(ExtensibilityGlobals) = postSolution
		SolutionGuid = {11F18D44-5551-4A6C-9A82-EB13D8275F8D}
	EndGlobalSection
EndGlobal
